
Microsoft Visual Studio Solution File, Format Version 12.00
# Visual Studio 15
VisualStudioVersion = 15.0.27703.2035
MinimumVisualStudioVersion = 10.0.40219.1
Project("{F2A71F9B-5D33-465A-A702-920D77279786}") = "LambdaDicom", "LambdaDicom\LambdaDicom.fsproj", "{B865C953-1652-4313-A6D0-03BFA0166C6D}"
EndProject
Project("{F2A71F9B-5D33-465A-A702-920D77279786}") = "LambdaDicom.UnitTest", "LambdaDicom.UnitTest\LambdaDicom.UnitTest.fsproj", "{3BB1446B-6FDD-4EEE-ABA2-8F2394BDB1E0}"
EndProject
Project("{FAE04EC0-301F-11D3-BF4B-00C04F79EFBC}") = "LambdaDicom.CsUnitTest", "LambdaDicom.CsUnitTest\LambdaDicom.CsUnitTest.csproj", "{056C4C0E-5CE4-433F-9428-1AC9A888FDCE}"
EndProject
Project("{F2A71F9B-5D33-465A-A702-920D77279786}") = "HelloWorldTypeProvider", "HelloWorldTypeProvider\HelloWorldTypeProvider.fsproj", "{9E10975F-4A55-4A12-B197-8F58C9DF89C4}"
EndProject
Global
	GlobalSection(SolutionConfigurationPlatforms) = preSolution
		Debug|Any CPU = Debug|Any CPU
		Release|Any CPU = Release|Any CPU
	EndGlobalSection
	GlobalSection(ProjectConfigurationPlatforms) = postSolution
		{B865C953-1652-4313-A6D0-03BFA0166C6D}.Debug|Any CPU.ActiveCfg = Debug|Any CPU
		{B865C953-1652-4313-A6D0-03BFA0166C6D}.Debug|Any CPU.Build.0 = Debug|Any CPU
		{B865C953-1652-4313-A6D0-03BFA0166C6D}.Release|Any CPU.ActiveCfg = Release|Any CPU
		{B865C953-1652-4313-A6D0-03BFA0166C6D}.Release|Any CPU.Build.0 = Release|Any CPU
		{3BB1446B-6FDD-4EEE-ABA2-8F2394BDB1E0}.Debug|Any CPU.ActiveCfg = Debug|Any CPU
		{3BB1446B-6FDD-4EEE-ABA2-8F2394BDB1E0}.Debug|Any CPU.Build.0 = Debug|Any CPU
		{3BB1446B-6FDD-4EEE-ABA2-8F2394BDB1E0}.Release|Any CPU.ActiveCfg = Release|Any CPU
		{3BB1446B-6FDD-4EEE-ABA2-8F2394BDB1E0}.Release|Any CPU.Build.0 = Release|Any CPU
		{056C4C0E-5CE4-433F-9428-1AC9A888FDCE}.Debug|Any CPU.ActiveCfg = Debug|Any CPU
		{056C4C0E-5CE4-433F-9428-1AC9A888FDCE}.Debug|Any CPU.Build.0 = Debug|Any CPU
		{056C4C0E-5CE4-433F-9428-1AC9A888FDCE}.Release|Any CPU.ActiveCfg = Release|Any CPU
		{056C4C0E-5CE4-433F-9428-1AC9A888FDCE}.Release|Any CPU.Build.0 = Release|Any CPU
		{9E10975F-4A55-4A12-B197-8F58C9DF89C4}.Debug|Any CPU.ActiveCfg = Debug|Any CPU
		{9E10975F-4A55-4A12-B197-8F58C9DF89C4}.Debug|Any CPU.Build.0 = Debug|Any CPU
		{9E10975F-4A55-4A12-B197-8F58C9DF89C4}.Release|Any CPU.ActiveCfg = Release|Any CPU
		{9E10975F-4A55-4A12-B197-8F58C9DF89C4}.Release|Any CPU.Build.0 = Release|Any CPU
	EndGlobalSection
	GlobalSection(SolutionProperties) = preSolution
		HideSolutionNode = FALSE
	EndGlobalSection
	GlobalSection(ExtensibilityGlobals) = postSolution
		SolutionGuid = {0C294E99-3618-4BCA-A202-2DA9CD28582B}
	EndGlobalSection
EndGlobal
