
Microsoft Visual Studio Solution File, Format Version 12.00
# Visual Studio 15
VisualStudioVersion = 15.0.27703.2035
MinimumVisualStudioVersion = 10.0.40219.1
Project("{F2A71F9B-5D33-465A-A702-920D77279786}") = "LambdaDicom", "LambdaDicom\LambdaDicom.fsproj", "{B865C953-1652-4313-A6D0-03BFA0166C6D}"
EndProject
Global
	GlobalSection(SolutionConfigurationPlatforms) = preSolution
		Debug|Any CPU = Debug|Any CPU
		Release|Any CPU = Release|Any CPU
	EndGlobalSection
	GlobalSection(ProjectConfigurationPlatforms) = postSolution
		{B865C953-1652-4313-A6D0-03BFA0166C6D}.Debug|Any CPU.ActiveCfg = Debug|Any CPU
		{B865C953-1652-4313-A6D0-03BFA0166C6D}.Debug|Any CPU.Build.0 = Debug|Any CPU
		{B865C953-1652-4313-A6D0-03BFA0166C6D}.Release|Any CPU.ActiveCfg = Release|Any CPU
		{B865C953-1652-4313-A6D0-03BFA0166C6D}.Release|Any CPU.Build.0 = Release|Any CPU
	EndGlobalSection
	GlobalSection(SolutionProperties) = preSolution
		HideSolutionNode = FALSE
	EndGlobalSection
	GlobalSection(ExtensibilityGlobals) = postSolution
		SolutionGuid = {0C294E99-3618-4BCA-A202-2DA9CD28582B}
	EndGlobalSection
EndGlobal
